Microsoft Visual Studio Solution File, Format Version 12.00
# Visual Studio 15
VisualStudioVersion = 15.0.27130.2024
MinimumVisualStudioVersion = 10.0.40219.1
Project("{9A19103F-16F7-4668-BE54-9A1E7A4F7556}") = "Ironclad", "Ironclad\Ironclad.csproj", "{0488F07B-F3CE-4E2A-A41F-FB57C2506D84}"
EndProject
Project("{2150E333-8FDC-42A3-9474-1A3956D46DE8}") = ".sln", ".sln", "{6611706E-CE7D-4526-9DDD-3BBE2D9A7E68}"
	ProjectSection(SolutionItems) = preProject
		..\.dockerignore = ..\.dockerignore
		..\.gitattributes = ..\.gitattributes
		..\.gitignore = ..\.gitignore
		..\.mailmap = ..\.mailmap
		..\.travis.yml = ..\.travis.yml
		..\build.cmd = ..\build.cmd
		..\build.ps1 = ..\build.ps1
		..\build.sh = ..\build.sh
		..\CONTRIBUTING.md = ..\CONTRIBUTING.md
		Directory.Build.props = Directory.Build.props
		..\Dockerfile = ..\Dockerfile
		Ironclad.ruleset = Ironclad.ruleset
		..\README.md = ..\README.md
	EndProjectSection
EndProject
Project("{2150E333-8FDC-42A3-9474-1A3956D46DE8}") = "Samples", "Samples", "{008344D0-EA64-4D6B-8EAA-F03592B863BF}"
	ProjectSection(SolutionItems) = preProject
		..\samples\Directory.Build.props = ..\samples\Directory.Build.props
		..\samples\README.md = ..\samples\README.md
	EndProjectSection
EndProject
Project("{2150E333-8FDC-42A3-9474-1A3956D46DE8}") = "Tests", "Tests", "{5C5E2419-C45C-4F86-940D-34B22735BF52}"
EndProject
Project("{9A19103F-16F7-4668-BE54-9A1E7A4F7556}") = "Ironclad.Console", "Ironclad.Console\Ironclad.Console.csproj", "{028E06F4-62F9-462A-BC60-4DB1F91A825A}"
EndProject
Project("{9A19103F-16F7-4668-BE54-9A1E7A4F7556}") = "Ironclad.Client", "Ironclad.Client\Ironclad.Client.csproj", "{5AD3EA89-EBD0-47B0-85C4-54783510E8A1}"
EndProject
Project("{9A19103F-16F7-4668-BE54-9A1E7A4F7556}") = "Ironclad.ExternalIdentityProvider", "Ironclad.ExternalIdentityProvider\Ironclad.ExternalIdentityProvider.csproj", "{3E753030-A9EE-440C-8896-1449AEA94ACF}"
EndProject
Project("{2150E333-8FDC-42A3-9474-1A3956D46DE8}") = "Build", "Build", "{D61A3BB7-3E65-4F5D-BAA8-F67EE9359878}"
EndProject
Project("{9A19103F-16F7-4668-BE54-9A1E7A4F7556}") = "SampleClient", "..\samples\SampleClient\SampleClient.csproj", "{D7B5D072-1ECC-414D-823F-5304E29A62C1}"
EndProject
Project("{9A19103F-16F7-4668-BE54-9A1E7A4F7556}") = "SampleConsoleApp", "..\samples\SampleConsoleApp\SampleConsoleApp.csproj", "{CF81DF73-C8E2-4F07-BA57-DF5912E5E01E}"
EndProject
Project("{9A19103F-16F7-4668-BE54-9A1E7A4F7556}") = "SampleMvcApp", "..\samples\SampleMvcApp\SampleMvcApp.csproj", "{6FF97B47-FDBC-4CD4-A4BA-94302B53E863}"
EndProject
Project("{9A19103F-16F7-4668-BE54-9A1E7A4F7556}") = "SampleSinglePageApp", "..\samples\SampleSinglePageApp\SampleSinglePageApp.csproj", "{7755143F-C121-4647-B0C8-6CA150F2031D}"
EndProject
Project("{9A19103F-16F7-4668-BE54-9A1E7A4F7556}") = "SampleTests", "..\samples\SampleTests\SampleTests.csproj", "{F1AD2119-2240-4521-98F5-18CD9CA4E863}"
EndProject
Project("{9A19103F-16F7-4668-BE54-9A1E7A4F7556}") = "SampleWebApi", "..\samples\SampleWebApi\SampleWebApi.csproj", "{C54CD759-57E6-41F7-B9C3-096E9B8B8461}"
EndProject
Project("{9A19103F-16F7-4668-BE54-9A1E7A4F7556}") = "Ironclad.Tests", "..\tests\Ironclad.Tests\Ironclad.Tests.csproj", "{3D254599-5143-40B5-8DCA-F6E814BAE7BD}"
EndProject
Project("{9A19103F-16F7-4668-BE54-9A1E7A4F7556}") = "Ironclad.Tests.Sdk", "Ironclad.Tests.Sdk\Ironclad.Tests.Sdk.csproj", "{E507BB70-8BAB-48F1-8E27-2EB89CB5CD2B}"
EndProject
Project("{9A19103F-16F7-4668-BE54-9A1E7A4F7556}") = "build", "..\build\build.csproj", "{E017B990-1F96-4DA2-9386-0BFE56C9BDEB}"
EndProject
Global
	GlobalSection(SolutionConfigurationPlatforms) = preSolution
		CI|Any CPU = CI|Any CPU
		Debug|Any CPU = Debug|Any CPU
		Release|Any CPU = Release|Any CPU
	EndGlobalSection
	GlobalSection(ProjectConfigurationPlatforms) = postSolution
		{0488F07B-F3CE-4E2A-A41F-FB57C2506D84}.CI|Any CPU.ActiveCfg = Release|Any CPU
		{0488F07B-F3CE-4E2A-A41F-FB57C2506D84}.Debug|Any CPU.ActiveCfg = Debug|Any CPU
		{0488F07B-F3CE-4E2A-A41F-FB57C2506D84}.Debug|Any CPU.Build.0 = Debug|Any CPU
		{0488F07B-F3CE-4E2A-A41F-FB57C2506D84}.Release|Any CPU.ActiveCfg = Release|Any CPU
		{0488F07B-F3CE-4E2A-A41F-FB57C2506D84}.Release|Any CPU.Build.0 = Release|Any CPU
		{028E06F4-62F9-462A-BC60-4DB1F91A825A}.CI|Any CPU.ActiveCfg = Release|Any CPU
		{028E06F4-62F9-462A-BC60-4DB1F91A825A}.CI|Any CPU.Build.0 = Release|Any CPU
		{028E06F4-62F9-462A-BC60-4DB1F91A825A}.Debug|Any CPU.ActiveCfg = Debug|Any CPU
		{028E06F4-62F9-462A-BC60-4DB1F91A825A}.Debug|Any CPU.Build.0 = Debug|Any CPU
		{028E06F4-62F9-462A-BC60-4DB1F91A825A}.Release|Any CPU.ActiveCfg = Release|Any CPU
		{028E06F4-62F9-462A-BC60-4DB1F91A825A}.Release|Any CPU.Build.0 = Release|Any CPU
		{5AD3EA89-EBD0-47B0-85C4-54783510E8A1}.CI|Any CPU.ActiveCfg = Release|Any CPU
		{5AD3EA89-EBD0-47B0-85C4-54783510E8A1}.CI|Any CPU.Build.0 = Release|Any CPU
		{5AD3EA89-EBD0-47B0-85C4-54783510E8A1}.Debug|Any CPU.ActiveCfg = Debug|Any CPU
		{5AD3EA89-EBD0-47B0-85C4-54783510E8A1}.Debug|Any CPU.Build.0 = Debug|Any CPU
		{5AD3EA89-EBD0-47B0-85C4-54783510E8A1}.Release|Any CPU.ActiveCfg = Release|Any CPU
		{5AD3EA89-EBD0-47B0-85C4-54783510E8A1}.Release|Any CPU.Build.0 = Release|Any CPU
		{3E753030-A9EE-440C-8896-1449AEA94ACF}.CI|Any CPU.ActiveCfg = Release|Any CPU
		{3E753030-A9EE-440C-8896-1449AEA94ACF}.Debug|Any CPU.ActiveCfg = Debug|Any CPU
		{3E753030-A9EE-440C-8896-1449AEA94ACF}.Debug|Any CPU.Build.0 = Debug|Any CPU
		{3E753030-A9EE-440C-8896-1449AEA94ACF}.Release|Any CPU.ActiveCfg = Release|Any CPU
		{3E753030-A9EE-440C-8896-1449AEA94ACF}.Release|Any CPU.Build.0 = Release|Any CPU
		{D7B5D072-1ECC-414D-823F-5304E29A62C1}.CI|Any CPU.ActiveCfg = Debug|Any CPU
		{D7B5D072-1ECC-414D-823F-5304E29A62C1}.CI|Any CPU.Build.0 = Debug|Any CPU
		{D7B5D072-1ECC-414D-823F-5304E29A62C1}.Debug|Any CPU.ActiveCfg = Debug|Any CPU
		{D7B5D072-1ECC-414D-823F-5304E29A62C1}.Debug|Any CPU.Build.0 = Debug|Any CPU
		{D7B5D072-1ECC-414D-823F-5304E29A62C1}.Release|Any CPU.ActiveCfg = Debug|Any CPU
		{D7B5D072-1ECC-414D-823F-5304E29A62C1}.Release|Any CPU.Build.0 = Debug|Any CPU
		{CF81DF73-C8E2-4F07-BA57-DF5912E5E01E}.CI|Any CPU.ActiveCfg = Debug|Any CPU
		{CF81DF73-C8E2-4F07-BA57-DF5912E5E01E}.CI|Any CPU.Build.0 = Debug|Any CPU
		{CF81DF73-C8E2-4F07-BA57-DF5912E5E01E}.Debug|Any CPU.ActiveCfg = Debug|Any CPU
		{CF81DF73-C8E2-4F07-BA57-DF5912E5E01E}.Debug|Any CPU.Build.0 = Debug|Any CPU
		{CF81DF73-C8E2-4F07-BA57-DF5912E5E01E}.Release|Any CPU.ActiveCfg = Debug|Any CPU
		{CF81DF73-C8E2-4F07-BA57-DF5912E5E01E}.Release|Any CPU.Build.0 = Debug|Any CPU
		{6FF97B47-FDBC-4CD4-A4BA-94302B53E863}.CI|Any CPU.ActiveCfg = Debug|Any CPU
		{6FF97B47-FDBC-4CD4-A4BA-94302B53E863}.CI|Any CPU.Build.0 = Debug|Any CPU
		{6FF97B47-FDBC-4CD4-A4BA-94302B53E863}.Debug|Any CPU.ActiveCfg = Debug|Any CPU
		{6FF97B47-FDBC-4CD4-A4BA-94302B53E863}.Debug|Any CPU.Build.0 = Debug|Any CPU
		{6FF97B47-FDBC-4CD4-A4BA-94302B53E863}.Release|Any CPU.ActiveCfg = Debug|Any CPU
		{6FF97B47-FDBC-4CD4-A4BA-94302B53E863}.Release|Any CPU.Build.0 = Debug|Any CPU
		{7755143F-C121-4647-B0C8-6CA150F2031D}.CI|Any CPU.ActiveCfg = Debug|Any CPU
		{7755143F-C121-4647-B0C8-6CA150F2031D}.CI|Any CPU.Build.0 = Debug|Any CPU
		{7755143F-C121-4647-B0C8-6CA150F2031D}.Debug|Any CPU.ActiveCfg = Debug|Any CPU
		{7755143F-C121-4647-B0C8-6CA150F2031D}.Debug|Any CPU.Build.0 = Debug|Any CPU
		{7755143F-C121-4647-B0C8-6CA150F2031D}.Release|Any CPU.ActiveCfg = Debug|Any CPU
		{7755143F-C121-4647-B0C8-6CA150F2031D}.Release|Any CPU.Build.0 = Debug|Any CPU
		{F1AD2119-2240-4521-98F5-18CD9CA4E863}.CI|Any CPU.ActiveCfg = Debug|Any CPU
		{F1AD2119-2240-4521-98F5-18CD9CA4E863}.CI|Any CPU.Build.0 = Debug|Any CPU
		{F1AD2119-2240-4521-98F5-18CD9CA4E863}.Debug|Any CPU.ActiveCfg = Debug|Any CPU
		{F1AD2119-2240-4521-98F5-18CD9CA4E863}.Debug|Any CPU.Build.0 = Debug|Any CPU
		{F1AD2119-2240-4521-98F5-18CD9CA4E863}.Release|Any CPU.ActiveCfg = Debug|Any CPU
		{F1AD2119-2240-4521-98F5-18CD9CA4E863}.Release|Any CPU.Build.0 = Debug|Any CPU
		{C54CD759-57E6-41F7-B9C3-096E9B8B8461}.CI|Any CPU.ActiveCfg = Debug|Any CPU
		{C54CD759-57E6-41F7-B9C3-096E9B8B8461}.CI|Any CPU.Build.0 = Debug|Any CPU
		{C54CD759-57E6-41F7-B9C3-096E9B8B8461}.Debug|Any CPU.ActiveCfg = Debug|Any CPU
		{C54CD759-57E6-41F7-B9C3-096E9B8B8461}.Debug|Any CPU.Build.0 = Debug|Any CPU
		{C54CD759-57E6-41F7-B9C3-096E9B8B8461}.Release|Any CPU.ActiveCfg = Debug|Any CPU
		{C54CD759-57E6-41F7-B9C3-096E9B8B8461}.Release|Any CPU.Build.0 = Debug|Any CPU
		{3D254599-5143-40B5-8DCA-F6E814BAE7BD}.CI|Any CPU.ActiveCfg = Debug|Any CPU
		{3D254599-5143-40B5-8DCA-F6E814BAE7BD}.CI|Any CPU.Build.0 = Debug|Any CPU
		{3D254599-5143-40B5-8DCA-F6E814BAE7BD}.Debug|Any CPU.ActiveCfg = Debug|Any CPU
		{3D254599-5143-40B5-8DCA-F6E814BAE7BD}.Debug|Any CPU.Build.0 = Debug|Any CPU
		{3D254599-5143-40B5-8DCA-F6E814BAE7BD}.Release|Any CPU.ActiveCfg = Release|Any CPU
		{3D254599-5143-40B5-8DCA-F6E814BAE7BD}.Release|Any CPU.Build.0 = Release|Any CPU
		{E507BB70-8BAB-48F1-8E27-2EB89CB5CD2B}.CI|Any CPU.ActiveCfg = Debug|Any CPU
		{E507BB70-8BAB-48F1-8E27-2EB89CB5CD2B}.CI|Any CPU.Build.0 = Debug|Any CPU
		{E507BB70-8BAB-48F1-8E27-2EB89CB5CD2B}.Debug|Any CPU.ActiveCfg = Debug|Any CPU
		{E507BB70-8BAB-48F1-8E27-2EB89CB5CD2B}.Debug|Any CPU.Build.0 = Debug|Any CPU
		{E507BB70-8BAB-48F1-8E27-2EB89CB5CD2B}.Release|Any CPU.ActiveCfg = Release|Any CPU
		{E507BB70-8BAB-48F1-8E27-2EB89CB5CD2B}.Release|Any CPU.Build.0 = Release|Any CPU
		{E017B990-1F96-4DA2-9386-0BFE56C9BDEB}.CI|Any CPU.ActiveCfg = Debug|Any CPU
		{E017B990-1F96-4DA2-9386-0BFE56C9BDEB}.CI|Any CPU.Build.0 = Debug|Any CPU
		{E017B990-1F96-4DA2-9386-0BFE56C9BDEB}.Debug|Any CPU.ActiveCfg = Debug|Any CPU
		{E017B990-1F96-4DA2-9386-0BFE56C9BDEB}.Debug|Any CPU.Build.0 = Debug|Any CPU
		{E017B990-1F96-4DA2-9386-0BFE56C9BDEB}.Release|Any CPU.ActiveCfg = Release|Any CPU
		{E017B990-1F96-4DA2-9386-0BFE56C9BDEB}.Release|Any CPU.Build.0 = Release|Any CPU
	EndGlobalSection
	GlobalSection(SolutionProperties) = preSolution
		HideSolutionNode = FALSE
	EndGlobalSection
	GlobalSection(NestedProjects) = preSolution
		{D7B5D072-1ECC-414D-823F-5304E29A62C1} = {008344D0-EA64-4D6B-8EAA-F03592B863BF}
		{CF81DF73-C8E2-4F07-BA57-DF5912E5E01E} = {008344D0-EA64-4D6B-8EAA-F03592B863BF}
		{6FF97B47-FDBC-4CD4-A4BA-94302B53E863} = {008344D0-EA64-4D6B-8EAA-F03592B863BF}
		{7755143F-C121-4647-B0C8-6CA150F2031D} = {008344D0-EA64-4D6B-8EAA-F03592B863BF}
		{F1AD2119-2240-4521-98F5-18CD9CA4E863} = {008344D0-EA64-4D6B-8EAA-F03592B863BF}
		{C54CD759-57E6-41F7-B9C3-096E9B8B8461} = {008344D0-EA64-4D6B-8EAA-F03592B863BF}
		{3D254599-5143-40B5-8DCA-F6E814BAE7BD} = {5C5E2419-C45C-4F86-940D-34B22735BF52}
		{E507BB70-8BAB-48F1-8E27-2EB89CB5CD2B} = {5C5E2419-C45C-4F86-940D-34B22735BF52}
		{E017B990-1F96-4DA2-9386-0BFE56C9BDEB} = {D61A3BB7-3E65-4F5D-BAA8-F67EE9359878}
	EndGlobalSection
	GlobalSection(ExtensibilityGlobals) = postSolution
		SolutionGuid = {103955DF-4821-4F03-BDE0-4C37306353D2}
	EndGlobalSection
EndGlobal
